
Microsoft Visual Studio Solution File, Format Version 12.00
# Visual Studio Version 16
VisualStudioVersion = 16.0.30717.126
MinimumVisualStudioVersion = 10.0.40219.1
Project("{FAE04EC0-301F-11D3-BF4B-00C04F79EFBC}") = "WebAccountantApp", "WebAccountantApp\WebAccountantApp.csproj", "{1022FBCF-9F6F-4D60-950E-5A27018A828B}"
EndProject
Global
	GlobalSection(SolutionConfigurationPlatforms) = preSolution
		Debug|Any CPU = Debug|Any CPU
		Release|Any CPU = Release|Any CPU
	EndGlobalSection
	GlobalSection(ProjectConfigurationPlatforms) = postSolution
		{1022FBCF-9F6F-4D60-950E-5A27018A828B}.Debug|Any CPU.ActiveCfg = Debug|Any CPU
		{1022FBCF-9F6F-4D60-950E-5A27018A828B}.Debug|Any CPU.Build.0 = Debug|Any CPU
		{1022FBCF-9F6F-4D60-950E-5A27018A828B}.Release|Any CPU.ActiveCfg = Release|Any CPU
		{1022FBCF-9F6F-4D60-950E-5A27018A828B}.Release|Any CPU.Build.0 = Release|Any CPU
	EndGlobalSection
	GlobalSection(SolutionProperties) = preSolution
		HideSolutionNode = FALSE
	EndGlobalSection
	GlobalSection(ExtensibilityGlobals) = postSolution
		SolutionGuid = {F3627FF4-DE67-4705-80B6-F1D09A132430}
	EndGlobalSection
EndGlobal
